
Microsoft Visual Studio Solution File, Format Version 12.00
# Visual Studio Version 16
VisualStudioVersion = 16.0.30611.23
MinimumVisualStudioVersion = 10.0.40219.1
Project("{FAE04EC0-301F-11D3-BF4B-00C04F79EFBC}") = "dotNet5781_00_5153_4372", "dotNet5781_00_5153_4372\dotNet5781_00_5153_4372.csproj", "{67C627F9-51DF-40F7-B902-4C6800DBA6CA}"
EndProject
Project("{FAE04EC0-301F-11D3-BF4B-00C04F79EFBC}") = "dotNet5781_01_5153_4372", "dotNet5781_01_5153_4372\dotNet5781_01_5153_4372.csproj", "{2B7F4830-5CBE-4822-9B96-27AB9BDC971E}"
EndProject
Project("{FAE04EC0-301F-11D3-BF4B-00C04F79EFBC}") = "dotNet5781_02_5153_4372", "dotNet5781_02_5153_4372\dotNet5781_02_5153_4372.csproj", "{6CCD3CD6-056E-4173-899F-64907BAAB016}"
EndProject
Project("{FAE04EC0-301F-11D3-BF4B-00C04F79EFBC}") = "dotNet_03A_5153_4372", "dotNet_03A_5153_4372\dotNet_03A_5153_4372.csproj", "{BC1645E7-D212-4A75-A9BE-8F7686A20F05}"
EndProject
Project("{FAE04EC0-301F-11D3-BF4B-00C04F79EFBC}") = "dotNet5781_03B_5153_4372", "dotNet5781_03B_5153_4372\dotNet5781_03B_5153_4372.csproj", "{F8777C96-79BA-45B9-962B-FDDF99C1314E}"
EndProject
Project("{FAE04EC0-301F-11D3-BF4B-00C04F79EFBC}") = "DS", "..\..\..\Desktop\3TA_Sample-main\DS\DS.csproj", "{17D9C931-7BEA-455E-8FB1-646C6D62348C}"
EndProject
Project("{FAE04EC0-301F-11D3-BF4B-00C04F79EFBC}") = "DLObject", "..\..\..\Desktop\3TA_Sample-main\DLObject\DLObject.csproj", "{0CC72C53-46EC-442D-80EB-89C7A36CD5B2}"
EndProject
Project("{FAE04EC0-301F-11D3-BF4B-00C04F79EFBC}") = "DLAPI", "..\..\..\Desktop\3TA_Sample-main\DLAPI\DLAPI.csproj", "{E8505A1C-4323-4085-8A7D-96C2E5C5D8CD}"
EndProject
Project("{FAE04EC0-301F-11D3-BF4B-00C04F79EFBC}") = "BL", "..\..\..\Desktop\3TA_Sample-main\BL\BL.csproj", "{2256497B-4C6A-485F-8B1B-BFC792E8A372}"
EndProject
Global
	GlobalSection(SolutionConfigurationPlatforms) = preSolution
		Debug|Any CPU = Debug|Any CPU
		Release|Any CPU = Release|Any CPU
	EndGlobalSection
	GlobalSection(ProjectConfigurationPlatforms) = postSolution
		{67C627F9-51DF-40F7-B902-4C6800DBA6CA}.Debug|Any CPU.ActiveCfg = Debug|Any CPU
		{67C627F9-51DF-40F7-B902-4C6800DBA6CA}.Debug|Any CPU.Build.0 = Debug|Any CPU
		{67C627F9-51DF-40F7-B902-4C6800DBA6CA}.Release|Any CPU.ActiveCfg = Release|Any CPU
		{67C627F9-51DF-40F7-B902-4C6800DBA6CA}.Release|Any CPU.Build.0 = Release|Any CPU
		{2B7F4830-5CBE-4822-9B96-27AB9BDC971E}.Debug|Any CPU.ActiveCfg = Debug|Any CPU
		{2B7F4830-5CBE-4822-9B96-27AB9BDC971E}.Debug|Any CPU.Build.0 = Debug|Any CPU
		{2B7F4830-5CBE-4822-9B96-27AB9BDC971E}.Release|Any CPU.ActiveCfg = Release|Any CPU
		{2B7F4830-5CBE-4822-9B96-27AB9BDC971E}.Release|Any CPU.Build.0 = Release|Any CPU
		{6CCD3CD6-056E-4173-899F-64907BAAB016}.Debug|Any CPU.ActiveCfg = Debug|Any CPU
		{6CCD3CD6-056E-4173-899F-64907BAAB016}.Debug|Any CPU.Build.0 = Debug|Any CPU
		{6CCD3CD6-056E-4173-899F-64907BAAB016}.Release|Any CPU.ActiveCfg = Release|Any CPU
		{6CCD3CD6-056E-4173-899F-64907BAAB016}.Release|Any CPU.Build.0 = Release|Any CPU
		{BC1645E7-D212-4A75-A9BE-8F7686A20F05}.Debug|Any CPU.ActiveCfg = Debug|Any CPU
		{BC1645E7-D212-4A75-A9BE-8F7686A20F05}.Debug|Any CPU.Build.0 = Debug|Any CPU
		{BC1645E7-D212-4A75-A9BE-8F7686A20F05}.Release|Any CPU.ActiveCfg = Release|Any CPU
		{BC1645E7-D212-4A75-A9BE-8F7686A20F05}.Release|Any CPU.Build.0 = Release|Any CPU
		{F8777C96-79BA-45B9-962B-FDDF99C1314E}.Debug|Any CPU.ActiveCfg = Debug|Any CPU
		{F8777C96-79BA-45B9-962B-FDDF99C1314E}.Debug|Any CPU.Build.0 = Debug|Any CPU
		{F8777C96-79BA-45B9-962B-FDDF99C1314E}.Release|Any CPU.ActiveCfg = Release|Any CPU
		{F8777C96-79BA-45B9-962B-FDDF99C1314E}.Release|Any CPU.Build.0 = Release|Any CPU
		{17D9C931-7BEA-455E-8FB1-646C6D62348C}.Debug|Any CPU.ActiveCfg = Debug|Any CPU
		{17D9C931-7BEA-455E-8FB1-646C6D62348C}.Debug|Any CPU.Build.0 = Debug|Any CPU
		{17D9C931-7BEA-455E-8FB1-646C6D62348C}.Release|Any CPU.ActiveCfg = Release|Any CPU
		{17D9C931-7BEA-455E-8FB1-646C6D62348C}.Release|Any CPU.Build.0 = Release|Any CPU
		{0CC72C53-46EC-442D-80EB-89C7A36CD5B2}.Debug|Any CPU.ActiveCfg = Debug|Any CPU
		{0CC72C53-46EC-442D-80EB-89C7A36CD5B2}.Debug|Any CPU.Build.0 = Debug|Any CPU
		{0CC72C53-46EC-442D-80EB-89C7A36CD5B2}.Release|Any CPU.ActiveCfg = Release|Any CPU
		{0CC72C53-46EC-442D-80EB-89C7A36CD5B2}.Release|Any CPU.Build.0 = Release|Any CPU
		{E8505A1C-4323-4085-8A7D-96C2E5C5D8CD}.Debug|Any CPU.ActiveCfg = Debug|Any CPU
		{E8505A1C-4323-4085-8A7D-96C2E5C5D8CD}.Debug|Any CPU.Build.0 = Debug|Any CPU
		{E8505A1C-4323-4085-8A7D-96C2E5C5D8CD}.Release|Any CPU.ActiveCfg = Release|Any CPU
		{E8505A1C-4323-4085-8A7D-96C2E5C5D8CD}.Release|Any CPU.Build.0 = Release|Any CPU
		{2256497B-4C6A-485F-8B1B-BFC792E8A372}.Debug|Any CPU.ActiveCfg = Debug|Any CPU
		{2256497B-4C6A-485F-8B1B-BFC792E8A372}.Debug|Any CPU.Build.0 = Debug|Any CPU
		{2256497B-4C6A-485F-8B1B-BFC792E8A372}.Release|Any CPU.ActiveCfg = Release|Any CPU
		{2256497B-4C6A-485F-8B1B-BFC792E8A372}.Release|Any CPU.Build.0 = Release|Any CPU
	EndGlobalSection
	GlobalSection(SolutionProperties) = preSolution
		HideSolutionNode = FALSE
	EndGlobalSection
	GlobalSection(ExtensibilityGlobals) = postSolution
		SolutionGuid = {0A9127B7-C8A9-4E88-AA1E-95D991C29454}
	EndGlobalSection
EndGlobal
