
Microsoft Visual Studio Solution File, Format Version 12.00
# Visual Studio Version 16
VisualStudioVersion = 16.0.30611.23
MinimumVisualStudioVersion = 10.0.40219.1
Project("{FAE04EC0-301F-11D3-BF4B-00C04F79EFBC}") = "dotNet5781_00_5153_4372", "dotNet5781_00_5153_4372\dotNet5781_00_5153_4372.csproj", "{67C627F9-51DF-40F7-B902-4C6800DBA6CA}"
EndProject
Project("{FAE04EC0-301F-11D3-BF4B-00C04F79EFBC}") = "dotNet5781_01_5153_4372", "dotNet5781_01_5153_4372\dotNet5781_01_5153_4372.csproj", "{2B7F4830-5CBE-4822-9B96-27AB9BDC971E}"
EndProject
Project("{FAE04EC0-301F-11D3-BF4B-00C04F79EFBC}") = "dotNet5781_02_5153_4372", "dotNet5781_02_5153_4372\dotNet5781_02_5153_4372.csproj", "{6CCD3CD6-056E-4173-899F-64907BAAB016}"
EndProject
Global
	GlobalSection(SolutionConfigurationPlatforms) = preSolution
		Debug|Any CPU = Debug|Any CPU
		Release|Any CPU = Release|Any CPU
	EndGlobalSection
	GlobalSection(ProjectConfigurationPlatforms) = postSolution
		{67C627F9-51DF-40F7-B902-4C6800DBA6CA}.Debug|Any CPU.ActiveCfg = Debug|Any CPU
		{67C627F9-51DF-40F7-B902-4C6800DBA6CA}.Debug|Any CPU.Build.0 = Debug|Any CPU
		{67C627F9-51DF-40F7-B902-4C6800DBA6CA}.Release|Any CPU.ActiveCfg = Release|Any CPU
		{67C627F9-51DF-40F7-B902-4C6800DBA6CA}.Release|Any CPU.Build.0 = Release|Any CPU
		{2B7F4830-5CBE-4822-9B96-27AB9BDC971E}.Debug|Any CPU.ActiveCfg = Debug|Any CPU
		{2B7F4830-5CBE-4822-9B96-27AB9BDC971E}.Debug|Any CPU.Build.0 = Debug|Any CPU
		{2B7F4830-5CBE-4822-9B96-27AB9BDC971E}.Release|Any CPU.ActiveCfg = Release|Any CPU
		{2B7F4830-5CBE-4822-9B96-27AB9BDC971E}.Release|Any CPU.Build.0 = Release|Any CPU
		{6CCD3CD6-056E-4173-899F-64907BAAB016}.Debug|Any CPU.ActiveCfg = Debug|Any CPU
		{6CCD3CD6-056E-4173-899F-64907BAAB016}.Debug|Any CPU.Build.0 = Debug|Any CPU
		{6CCD3CD6-056E-4173-899F-64907BAAB016}.Release|Any CPU.ActiveCfg = Release|Any CPU
		{6CCD3CD6-056E-4173-899F-64907BAAB016}.Release|Any CPU.Build.0 = Release|Any CPU
	EndGlobalSection
	GlobalSection(SolutionProperties) = preSolution
		HideSolutionNode = FALSE
	EndGlobalSection
	GlobalSection(ExtensibilityGlobals) = postSolution
		SolutionGuid = {0A9127B7-C8A9-4E88-AA1E-95D991C29454}
	EndGlobalSection
EndGlobal
