
Microsoft Visual Studio Solution File, Format Version 12.00
# Visual Studio Version 16
VisualStudioVersion = 16.0.30611.23
MinimumVisualStudioVersion = 10.0.40219.1
Project("{FAE04EC0-301F-11D3-BF4B-00C04F79EFBC}") = "dotNet5781_00_5153_4372", "dotNet5781_00_5153_4372\dotNet5781_00_5153_4372.csproj", "{67C627F9-51DF-40F7-B902-4C6800DBA6CA}"
EndProject
Project("{FAE04EC0-301F-11D3-BF4B-00C04F79EFBC}") = "dotNet5781_01_5153_4372", "dotNet5781_01_5153_4372\dotNet5781_01_5153_4372.csproj", "{2B7F4830-5CBE-4822-9B96-27AB9BDC971E}"
EndProject
Project("{FAE04EC0-301F-11D3-BF4B-00C04F79EFBC}") = "dotNet5781_02_5153_4372", "dotNet5781_02_5153_4372\dotNet5781_02_5153_4372.csproj", "{6CCD3CD6-056E-4173-899F-64907BAAB016}"
EndProject
Project("{FAE04EC0-301F-11D3-BF4B-00C04F79EFBC}") = "dotNet_03A_5153_4372", "dotNet_03A_5153_4372\dotNet_03A_5153_4372.csproj", "{BC1645E7-D212-4A75-A9BE-8F7686A20F05}"
EndProject
Project("{FAE04EC0-301F-11D3-BF4B-00C04F79EFBC}") = "dotNet5781_03B_5153_4372", "dotNet5781_03B_5153_4372\dotNet5781_03B_5153_4372.csproj", "{F8777C96-79BA-45B9-962B-FDDF99C1314E}"
EndProject
Project("{FAE04EC0-301F-11D3-BF4B-00C04F79EFBC}") = "BL", "BL\BL.csproj", "{308161EE-F884-4BD3-BC83-6A85E19DF09F}"
EndProject
Project("{FAE04EC0-301F-11D3-BF4B-00C04F79EFBC}") = "DLAPI", "DLAPI\DLAPI.csproj", "{43D2514A-6521-4966-9F1D-AC816599EE58}"
EndProject
Project("{FAE04EC0-301F-11D3-BF4B-00C04F79EFBC}") = "DLObject", "DLObject\DLObject.csproj", "{9266301D-0FCF-4C29-91B4-98B394ADE6D4}"
EndProject
Project("{FAE04EC0-301F-11D3-BF4B-00C04F79EFBC}") = "DS", "DS\DS.csproj", "{33D0CEF3-3025-4DD6-B1AF-66A5887CD2D5}"
EndProject
Project("{FAE04EC0-301F-11D3-BF4B-00C04F79EFBC}") = "PL", "PL\PL.csproj", "{D0A8CA3E-629E-421B-8A54-11F0D912A848}"
EndProject
Project("{FAE04EC0-301F-11D3-BF4B-00C04F79EFBC}") = "DLXML", "DLXML\DLXML.csproj", "{F201D9BA-5718-4066-AB37-82CE0919359C}"
EndProject
Global
	GlobalSection(SolutionConfigurationPlatforms) = preSolution
		Debug|Any CPU = Debug|Any CPU
		Release|Any CPU = Release|Any CPU
	EndGlobalSection
	GlobalSection(ProjectConfigurationPlatforms) = postSolution
		{67C627F9-51DF-40F7-B902-4C6800DBA6CA}.Debug|Any CPU.ActiveCfg = Debug|Any CPU
		{67C627F9-51DF-40F7-B902-4C6800DBA6CA}.Debug|Any CPU.Build.0 = Debug|Any CPU
		{67C627F9-51DF-40F7-B902-4C6800DBA6CA}.Release|Any CPU.ActiveCfg = Release|Any CPU
		{67C627F9-51DF-40F7-B902-4C6800DBA6CA}.Release|Any CPU.Build.0 = Release|Any CPU
		{2B7F4830-5CBE-4822-9B96-27AB9BDC971E}.Debug|Any CPU.ActiveCfg = Debug|Any CPU
		{2B7F4830-5CBE-4822-9B96-27AB9BDC971E}.Debug|Any CPU.Build.0 = Debug|Any CPU
		{2B7F4830-5CBE-4822-9B96-27AB9BDC971E}.Release|Any CPU.ActiveCfg = Release|Any CPU
		{2B7F4830-5CBE-4822-9B96-27AB9BDC971E}.Release|Any CPU.Build.0 = Release|Any CPU
		{6CCD3CD6-056E-4173-899F-64907BAAB016}.Debug|Any CPU.ActiveCfg = Debug|Any CPU
		{6CCD3CD6-056E-4173-899F-64907BAAB016}.Debug|Any CPU.Build.0 = Debug|Any CPU
		{6CCD3CD6-056E-4173-899F-64907BAAB016}.Release|Any CPU.ActiveCfg = Release|Any CPU
		{6CCD3CD6-056E-4173-899F-64907BAAB016}.Release|Any CPU.Build.0 = Release|Any CPU
		{BC1645E7-D212-4A75-A9BE-8F7686A20F05}.Debug|Any CPU.ActiveCfg = Debug|Any CPU
		{BC1645E7-D212-4A75-A9BE-8F7686A20F05}.Debug|Any CPU.Build.0 = Debug|Any CPU
		{BC1645E7-D212-4A75-A9BE-8F7686A20F05}.Release|Any CPU.ActiveCfg = Release|Any CPU
		{BC1645E7-D212-4A75-A9BE-8F7686A20F05}.Release|Any CPU.Build.0 = Release|Any CPU
		{F8777C96-79BA-45B9-962B-FDDF99C1314E}.Debug|Any CPU.ActiveCfg = Debug|Any CPU
		{F8777C96-79BA-45B9-962B-FDDF99C1314E}.Debug|Any CPU.Build.0 = Debug|Any CPU
		{F8777C96-79BA-45B9-962B-FDDF99C1314E}.Release|Any CPU.ActiveCfg = Release|Any CPU
		{F8777C96-79BA-45B9-962B-FDDF99C1314E}.Release|Any CPU.Build.0 = Release|Any CPU
		{308161EE-F884-4BD3-BC83-6A85E19DF09F}.Debug|Any CPU.ActiveCfg = Debug|Any CPU
		{308161EE-F884-4BD3-BC83-6A85E19DF09F}.Debug|Any CPU.Build.0 = Debug|Any CPU
		{308161EE-F884-4BD3-BC83-6A85E19DF09F}.Release|Any CPU.ActiveCfg = Release|Any CPU
		{308161EE-F884-4BD3-BC83-6A85E19DF09F}.Release|Any CPU.Build.0 = Release|Any CPU
		{43D2514A-6521-4966-9F1D-AC816599EE58}.Debug|Any CPU.ActiveCfg = Debug|Any CPU
		{43D2514A-6521-4966-9F1D-AC816599EE58}.Debug|Any CPU.Build.0 = Debug|Any CPU
		{43D2514A-6521-4966-9F1D-AC816599EE58}.Release|Any CPU.ActiveCfg = Release|Any CPU
		{43D2514A-6521-4966-9F1D-AC816599EE58}.Release|Any CPU.Build.0 = Release|Any CPU
		{9266301D-0FCF-4C29-91B4-98B394ADE6D4}.Debug|Any CPU.ActiveCfg = Debug|Any CPU
		{9266301D-0FCF-4C29-91B4-98B394ADE6D4}.Debug|Any CPU.Build.0 = Debug|Any CPU
		{9266301D-0FCF-4C29-91B4-98B394ADE6D4}.Release|Any CPU.ActiveCfg = Release|Any CPU
		{9266301D-0FCF-4C29-91B4-98B394ADE6D4}.Release|Any CPU.Build.0 = Release|Any CPU
		{33D0CEF3-3025-4DD6-B1AF-66A5887CD2D5}.Debug|Any CPU.ActiveCfg = Debug|Any CPU
		{33D0CEF3-3025-4DD6-B1AF-66A5887CD2D5}.Debug|Any CPU.Build.0 = Debug|Any CPU
		{33D0CEF3-3025-4DD6-B1AF-66A5887CD2D5}.Release|Any CPU.ActiveCfg = Release|Any CPU
		{33D0CEF3-3025-4DD6-B1AF-66A5887CD2D5}.Release|Any CPU.Build.0 = Release|Any CPU
		{D0A8CA3E-629E-421B-8A54-11F0D912A848}.Debug|Any CPU.ActiveCfg = Debug|Any CPU
		{D0A8CA3E-629E-421B-8A54-11F0D912A848}.Debug|Any CPU.Build.0 = Debug|Any CPU
		{D0A8CA3E-629E-421B-8A54-11F0D912A848}.Release|Any CPU.ActiveCfg = Release|Any CPU
		{D0A8CA3E-629E-421B-8A54-11F0D912A848}.Release|Any CPU.Build.0 = Release|Any CPU
		{F201D9BA-5718-4066-AB37-82CE0919359C}.Debug|Any CPU.ActiveCfg = Debug|Any CPU
		{F201D9BA-5718-4066-AB37-82CE0919359C}.Debug|Any CPU.Build.0 = Debug|Any CPU
		{F201D9BA-5718-4066-AB37-82CE0919359C}.Release|Any CPU.ActiveCfg = Release|Any CPU
		{F201D9BA-5718-4066-AB37-82CE0919359C}.Release|Any CPU.Build.0 = Release|Any CPU
	EndGlobalSection
	GlobalSection(SolutionProperties) = preSolution
		HideSolutionNode = FALSE
	EndGlobalSection
	GlobalSection(ExtensibilityGlobals) = postSolution
		SolutionGuid = {0A9127B7-C8A9-4E88-AA1E-95D991C29454}
	EndGlobalSection
EndGlobal
